
Microsoft Visual Studio Solution File, Format Version 12.00
# Visual Studio Version 17
VisualStudioVersion = 17.7.34003.232
MinimumVisualStudioVersion = 10.0.40219.1
Project("{9A19103F-16F7-4668-BE54-9A1E7A4F7556}") = "Codes", "Codes.csproj", "{300F0D62-05A5-44CF-A576-9D0E6339958D}"
EndProject
Project("{9A19103F-16F7-4668-BE54-9A1E7A4F7556}") = "ET6_Godot", "..\Client\ET6_Godot.csproj", "{A47EDA85-B9F0-487D-8872-0FCA39EA1204}"
EndProject
Global
	GlobalSection(SolutionConfigurationPlatforms) = preSolution
		Debug|Any CPU = Debug|Any CPU
		ExportDebug|Any CPU = ExportDebug|Any CPU
		ExportRelease|Any CPU = ExportRelease|Any CPU
		Release|Any CPU = Release|Any CPU
	EndGlobalSection
	GlobalSection(ProjectConfigurationPlatforms) = postSolution
		{300F0D62-05A5-44CF-A576-9D0E6339958D}.Debug|Any CPU.ActiveCfg = Debug|Any CPU
		{300F0D62-05A5-44CF-A576-9D0E6339958D}.Debug|Any CPU.Build.0 = Debug|Any CPU
		{300F0D62-05A5-44CF-A576-9D0E6339958D}.ExportDebug|Any CPU.ActiveCfg = Debug|Any CPU
		{300F0D62-05A5-44CF-A576-9D0E6339958D}.ExportDebug|Any CPU.Build.0 = Debug|Any CPU
		{300F0D62-05A5-44CF-A576-9D0E6339958D}.ExportRelease|Any CPU.ActiveCfg = Release|Any CPU
		{300F0D62-05A5-44CF-A576-9D0E6339958D}.ExportRelease|Any CPU.Build.0 = Release|Any CPU
		{300F0D62-05A5-44CF-A576-9D0E6339958D}.Release|Any CPU.ActiveCfg = Release|Any CPU
		{300F0D62-05A5-44CF-A576-9D0E6339958D}.Release|Any CPU.Build.0 = Release|Any CPU
		{A47EDA85-B9F0-487D-8872-0FCA39EA1204}.Debug|Any CPU.ActiveCfg = Debug|Any CPU
		{A47EDA85-B9F0-487D-8872-0FCA39EA1204}.Debug|Any CPU.Build.0 = Debug|Any CPU
		{A47EDA85-B9F0-487D-8872-0FCA39EA1204}.ExportDebug|Any CPU.ActiveCfg = ExportDebug|Any CPU
		{A47EDA85-B9F0-487D-8872-0FCA39EA1204}.ExportDebug|Any CPU.Build.0 = ExportDebug|Any CPU
		{A47EDA85-B9F0-487D-8872-0FCA39EA1204}.ExportRelease|Any CPU.ActiveCfg = ExportRelease|Any CPU
		{A47EDA85-B9F0-487D-8872-0FCA39EA1204}.ExportRelease|Any CPU.Build.0 = ExportRelease|Any CPU
		{A47EDA85-B9F0-487D-8872-0FCA39EA1204}.Release|Any CPU.ActiveCfg = ExportRelease|Any CPU
		{A47EDA85-B9F0-487D-8872-0FCA39EA1204}.Release|Any CPU.Build.0 = ExportRelease|Any CPU
	EndGlobalSection
	GlobalSection(SolutionProperties) = preSolution
		HideSolutionNode = FALSE
	EndGlobalSection
	GlobalSection(ExtensibilityGlobals) = postSolution
		SolutionGuid = {786C6A0D-9714-4A89-8F51-83D5F1FA4829}
	EndGlobalSection
EndGlobal
